// !$*UTF8*$!
{
	archiveVersion = 1;
	classes = {
	};
	objectVersion = 54;
	objects = {

/* Begin PBXBuildFile section */
		13B07FBC1A68108700A75B9A /* AppDelegate.m in Sources */ = {isa = PBXBuildFile; fileRef = 13B07FB01A68108700A75B9A /* AppDelegate.m */; };
		13B07FC11A68108700A75B9A /* main.m in Sources */ = {isa = PBXBuildFile; fileRef = 13B07FB71A68108700A75B9A /* main.m */; };
		6CC0FDE46E5C31F6B07BB254 /* libPods-UEH.a in Frameworks */ = {isa = PBXBuildFile; fileRef = FC3E4A7CE279B2304E88CB3F /* libPods-UEH.a */; };
/* End PBXBuildFile section */

/* Begin PBXContainerItemProxy section */
		01EFECC82607D2B700ADD919 /* PBXContainerItemProxy */ = {
			isa = PBXContainerItemProxy;
			containerPortal = 01EFEC892607D2B600ADD919 /* Pods.xcodeproj */;
			proxyType = 2;
			remoteGlobalIDString = F91783AD28315517EB590685D3A72C4E;
			remoteInfo = "appcenter-analytics";
		};
		01EFECCA2607D2B700ADD919 /* PBXContainerItemProxy */ = {
			isa = PBXContainerItemProxy;
			containerPortal = 01EFEC892607D2B600ADD919 /* Pods.xcodeproj */;
			proxyType = 2;
			remoteGlobalIDString = 900096B0725CFCC567CC79CB90414A7A;
			remoteInfo = "appcenter-core";
		};
		01EFECCC2607D2B700ADD919 /* PBXContainerItemProxy */ = {
			isa = PBXContainerItemProxy;
			containerPortal = 01EFEC892607D2B600ADD919 /* Pods.xcodeproj */;
			proxyType = 2;
			remoteGlobalIDString = 3CE42778BE70CC034137D9A5B65316C1;
			remoteInfo = "appcenter-crashes";
		};
		01EFECCE2607D2B700ADD919 /* PBXContainerItemProxy */ = {
			isa = PBXContainerItemProxy;
			containerPortal = 01EFEC892607D2B600ADD919 /* Pods.xcodeproj */;
			proxyType = 2;
			remoteGlobalIDString = E08C779E50631C7CF499C9D92CBF2143;
			remoteInfo = Base64;
		};
		01EFECD02607D2B700ADD919 /* PBXContainerItemProxy */ = {
			isa = PBXContainerItemProxy;
			containerPortal = 01EFEC892607D2B600ADD919 /* Pods.xcodeproj */;
			proxyType = 2;
			remoteGlobalIDString = 3501832F51E21BCD681DC315B3424B43;
			remoteInfo = BVLinearGradient;
		};
		01EFECD22607D2B700ADD919 /* PBXContainerItemProxy */ = {
			isa = PBXContainerItemProxy;
			containerPortal = 01EFEC892607D2B600ADD919 /* Pods.xcodeproj */;
			proxyType = 2;
			remoteGlobalIDString = 6CBEFE4F9E22AFDC6347A739BB35FF8C;
			remoteInfo = CocoaAsyncSocket;
		};
		01EFECD42607D2B700ADD919 /* PBXContainerItemProxy */ = {
			isa = PBXContainerItemProxy;
			containerPortal = 01EFEC892607D2B600ADD919 /* Pods.xcodeproj */;
			proxyType = 2;
			remoteGlobalIDString = 0B9E5763C5976FF37F042C04F74C8659;
			remoteInfo = CodePush;
		};
		01EFECD62607D2B700ADD919 /* PBXContainerItemProxy */ = {
			isa = PBXContainerItemProxy;
			containerPortal = 01EFEC892607D2B600ADD919 /* Pods.xcodeproj */;
			proxyType = 2;
			remoteGlobalIDString = 6FFB7B2992BB53405E6B771A5BA1E97D;
			remoteInfo = DoubleConversion;
		};
		01EFECD82607D2B700ADD919 /* PBXContainerItemProxy */ = {
			isa = PBXContainerItemProxy;
			containerPortal = 01EFEC892607D2B600ADD919 /* Pods.xcodeproj */;
			proxyType = 2;
			remoteGlobalIDString = ABFEEA82A6C346B22843FBE0B0582182;
			remoteInfo = FBReactNativeSpec;
		};
		01EFECDA2607D2B700ADD919 /* PBXContainerItemProxy */ = {
			isa = PBXContainerItemProxy;
			containerPortal = 01EFEC892607D2B600ADD919 /* Pods.xcodeproj */;
			proxyType = 2;
			remoteGlobalIDString = E93F701CA8EB196D77AE99E094D873E4;
			remoteInfo = Flipper;
		};
		01EFECDC2607D2B700ADD919 /* PBXContainerItemProxy */ = {
			isa = PBXContainerItemProxy;
			containerPortal = 01EFEC892607D2B600ADD919 /* Pods.xcodeproj */;
			proxyType = 2;
			remoteGlobalIDString = AC12C7E29555A7CFDDEF1EDB5BC2F3DA;
			remoteInfo = "Flipper-DoubleConversion";
		};
		01EFECDE2607D2B700ADD919 /* PBXContainerItemProxy */ = {
			isa = PBXContainerItemProxy;
			containerPortal = 01EFEC892607D2B600ADD919 /* Pods.xcodeproj */;
			proxyType = 2;
			remoteGlobalIDString = 99D5CD245388DC76AAEF6E1E351A90ED;
			remoteInfo = "Flipper-Folly";
		};
		01EFECE02607D2B700ADD919 /* PBXContainerItemProxy */ = {
			isa = PBXContainerItemProxy;
			containerPortal = 01EFEC892607D2B600ADD919 /* Pods.xcodeproj */;
			proxyType = 2;
			remoteGlobalIDString = E00BE2A3146698E81A8F9D00E8F93A6C;
			remoteInfo = "Flipper-Glog";
		};
		01EFECE22607D2B700ADD919 /* PBXContainerItemProxy */ = {
			isa = PBXContainerItemProxy;
			containerPortal = 01EFEC892607D2B600ADD919 /* Pods.xcodeproj */;
			proxyType = 2;
			remoteGlobalIDString = ACBB7F62B267CC7C9BBBAE41DE94743B;
			remoteInfo = "Flipper-PeerTalk";
		};
		01EFECE42607D2B700ADD919 /* PBXContainerItemProxy */ = {
			isa = PBXContainerItemProxy;
			containerPortal = 01EFEC892607D2B600ADD919 /* Pods.xcodeproj */;
			proxyType = 2;
			remoteGlobalIDString = FFDC7746794AB17CFB7150820479DF40;
			remoteInfo = "Flipper-RSocket";
		};
		01EFECE62607D2B700ADD919 /* PBXContainerItemProxy */ = {
			isa = PBXContainerItemProxy;
			containerPortal = 01EFEC892607D2B600ADD919 /* Pods.xcodeproj */;
			proxyType = 2;
			remoteGlobalIDString = 65234B3E668A42D9137B2C7AB051EE37;
			remoteInfo = FlipperKit;
		};
		01EFECE82607D2B700ADD919 /* PBXContainerItemProxy */ = {
			isa = PBXContainerItemProxy;
			containerPortal = 01EFEC892607D2B600ADD919 /* Pods.xcodeproj */;
			proxyType = 2;
			remoteGlobalIDString = 06489499588BFA8FD5E63DD6375CD533;
			remoteInfo = Folly;
		};
		01EFECEA2607D2B700ADD919 /* PBXContainerItemProxy */ = {
			isa = PBXContainerItemProxy;
			containerPortal = 01EFEC892607D2B600ADD919 /* Pods.xcodeproj */;
			proxyType = 2;
			remoteGlobalIDString = 3CA7A9404CCDD6BA22C97F8348CE3209;
			remoteInfo = glog;
		};
		01EFECEC2607D2B700ADD919 /* PBXContainerItemProxy */ = {
			isa = PBXContainerItemProxy;
			containerPortal = 01EFEC892607D2B600ADD919 /* Pods.xcodeproj */;
			proxyType = 2;
			remoteGlobalIDString = 2DF82EE18981E98BA2339ECE2AB5F350;
			remoteInfo = JWT;
		};
		01EFECEE2607D2B700ADD919 /* PBXContainerItemProxy */ = {
			isa = PBXContainerItemProxy;
			containerPortal = 01EFEC892607D2B600ADD919 /* Pods.xcodeproj */;
			proxyType = 2;
			remoteGlobalIDString = 14F026AD69B5078A1C9CED21E988E0A8;
			remoteInfo = "Pods-UEH";
		};
		01EFECF02607D2B700ADD919 /* PBXContainerItemProxy */ = {
			isa = PBXContainerItemProxy;
			containerPortal = 01EFEC892607D2B600ADD919 /* Pods.xcodeproj */;
			proxyType = 2;
			remoteGlobalIDString = F958876A082BF810B342435CE3FB5AF6;
			remoteInfo = RCTTypeSafety;
		};
		01EFECF22607D2B700ADD919 /* PBXContainerItemProxy */ = {
			isa = PBXContainerItemProxy;
			containerPortal = 01EFEC892607D2B600ADD919 /* Pods.xcodeproj */;
			proxyType = 2;
			remoteGlobalIDString = BD71E2539823621820F84384064C253A;
			remoteInfo = "React-Core";
		};
		01EFECF42607D2B700ADD919 /* PBXContainerItemProxy */ = {
			isa = PBXContainerItemProxy;
			containerPortal = 01EFEC892607D2B600ADD919 /* Pods.xcodeproj */;
			proxyType = 2;
			remoteGlobalIDString = BF9149C577F92CA3C3CEDA103253A332;
			remoteInfo = "React-Core-60309c9c";
		};
		01EFECFA2607D2B700ADD919 /* PBXContainerItemProxy */ = {
			isa = PBXContainerItemProxy;
			containerPortal = 01EFEC892607D2B600ADD919 /* Pods.xcodeproj */;
			proxyType = 2;
			remoteGlobalIDString = 6771D231F4C8C5976470A369C474B32E;
			remoteInfo = "React-CoreModules";
		};
		01EFECFC2607D2B700ADD919 /* PBXContainerItemProxy */ = {
			isa = PBXContainerItemProxy;
			containerPortal = 01EFEC892607D2B600ADD919 /* Pods.xcodeproj */;
			proxyType = 2;
			remoteGlobalIDString = 37592FDAD45752511010F4B06AC57355;
			remoteInfo = "React-cxxreact";
		};
		01EFECFE2607D2B700ADD919 /* PBXContainerItemProxy */ = {
			isa = PBXContainerItemProxy;
			containerPortal = 01EFEC892607D2B600ADD919 /* Pods.xcodeproj */;
			proxyType = 2;
			remoteGlobalIDString = D9F334F2E90E3EE462FC4192AF5C03BD;
			remoteInfo = "React-jsi";
		};
		01EFED002607D2B700ADD919 /* PBXContainerItemProxy */ = {
			isa = PBXContainerItemProxy;
			containerPortal = 01EFEC892607D2B600ADD919 /* Pods.xcodeproj */;
			proxyType = 2;
			remoteGlobalIDString = F2E7C88DFCD460A4B46B913ADEB8A641;
			remoteInfo = "React-jsiexecutor";
		};
		01EFED022607D2B700ADD919 /* PBXContainerItemProxy */ = {
			isa = PBXContainerItemProxy;
			containerPortal = 01EFEC892607D2B600ADD919 /* Pods.xcodeproj */;
			proxyType = 2;
			remoteGlobalIDString = 2577F299FCB0A19824FE989BE77B8E8F;
			remoteInfo = "React-jsinspector";
		};
		01EFED042607D2B700ADD919 /* PBXContainerItemProxy */ = {
			isa = PBXContainerItemProxy;
			containerPortal = 01EFEC892607D2B600ADD919 /* Pods.xcodeproj */;
			proxyType = 2;
			remoteGlobalIDString = 52FCF98CEFF94C742080B6965D537AD0;
			remoteInfo = "react-native-safe-area-context";
		};
		01EFED062607D2B700ADD919 /* PBXContainerItemProxy */ = {
			isa = PBXContainerItemProxy;
			containerPortal = 01EFEC892607D2B600ADD919 /* Pods.xcodeproj */;
			proxyType = 2;
			remoteGlobalIDString = FE7B9294FF05AAFD1653E2104E10844A;
			remoteInfo = "React-RCTAnimation";
		};
		01EFED082607D2B700ADD919 /* PBXContainerItemProxy */ = {
			isa = PBXContainerItemProxy;
			containerPortal = 01EFEC892607D2B600ADD919 /* Pods.xcodeproj */;
			proxyType = 2;
			remoteGlobalIDString = F71EBF73F354B475D465FF6DE9A66707;
			remoteInfo = "React-RCTBlob";
		};
		01EFED0A2607D2B700ADD919 /* PBXContainerItemProxy */ = {
			isa = PBXContainerItemProxy;
			containerPortal = 01EFEC892607D2B600ADD919 /* Pods.xcodeproj */;
			proxyType = 2;
			remoteGlobalIDString = EEDBF403E8E0B3885E65C2741B536BC5;
			remoteInfo = "React-RCTImage";
		};
		01EFED0C2607D2B700ADD919 /* PBXContainerItemProxy */ = {
			isa = PBXContainerItemProxy;
			containerPortal = 01EFEC892607D2B600ADD919 /* Pods.xcodeproj */;
			proxyType = 2;
			remoteGlobalIDString = 802121F5B756ACBFDD6D08C36246DADD;
			remoteInfo = "React-RCTLinking";
		};
		01EFED0E2607D2B700ADD919 /* PBXContainerItemProxy */ = {
			isa = PBXContainerItemProxy;
			containerPortal = 01EFEC892607D2B600ADD919 /* Pods.xcodeproj */;
			proxyType = 2;
			remoteGlobalIDString = A68E5A9B69A3BA0FD52CAF7A354EC93B;
			remoteInfo = "React-RCTNetwork";
		};
		01EFED102607D2B700ADD919 /* PBXContainerItemProxy */ = {
			isa = PBXContainerItemProxy;
			containerPortal = 01EFEC892607D2B600ADD919 /* Pods.xcodeproj */;
			proxyType = 2;
			remoteGlobalIDString = 269BE773C9482484B70949A40F4EA525;
			remoteInfo = "React-RCTSettings";
		};
		01EFED122607D2B700ADD919 /* PBXContainerItemProxy */ = {
			isa = PBXContainerItemProxy;
			containerPortal = 01EFEC892607D2B600ADD919 /* Pods.xcodeproj */;
			proxyType = 2;
			remoteGlobalIDString = E6A16705C69FC7DE11C2469A4A0F8358;
			remoteInfo = "React-RCTText";
		};
		01EFED142607D2B700ADD919 /* PBXContainerItemProxy */ = {
			isa = PBXContainerItemProxy;
			containerPortal = 01EFEC892607D2B600ADD919 /* Pods.xcodeproj */;
			proxyType = 2;
			remoteGlobalIDString = C1A919103EAC9813D236486C34FC0A21;
			remoteInfo = "React-RCTVibration";
		};
		01EFED162607D2B700ADD919 /* PBXContainerItemProxy */ = {
			isa = PBXContainerItemProxy;
			containerPortal = 01EFEC892607D2B600ADD919 /* Pods.xcodeproj */;
			proxyType = 2;
			remoteGlobalIDString = D5C775614AC76D44CECB6BE08B022F1F;
			remoteInfo = ReactCommon;
		};
		01EFED182607D2B700ADD919 /* PBXContainerItemProxy */ = {
			isa = PBXContainerItemProxy;
			containerPortal = 01EFEC892607D2B600ADD919 /* Pods.xcodeproj */;
			proxyType = 2;
			remoteGlobalIDString = 5737DDB4BC95AD399B3206838AB97095;
			remoteInfo = RNCAsyncStorage;
		};
		01EFED1A2607D2B700ADD919 /* PBXContainerItemProxy */ = {
			isa = PBXContainerItemProxy;
			containerPortal = 01EFEC892607D2B600ADD919 /* Pods.xcodeproj */;
			proxyType = 2;
			remoteGlobalIDString = 629B4458112E2D01978E2FE02FF6FFF7;
			remoteInfo = RNCCheckbox;
		};
		01EFED1C2607D2B700ADD919 /* PBXContainerItemProxy */ = {
			isa = PBXContainerItemProxy;
			containerPortal = 01EFEC892607D2B600ADD919 /* Pods.xcodeproj */;
			proxyType = 2;
			remoteGlobalIDString = B8CD4B9B578CE9FA38114B638C9CAA78;
			remoteInfo = RNCMaskedView;
		};
		01EFED1E2607D2B700ADD919 /* PBXContainerItemProxy */ = {
			isa = PBXContainerItemProxy;
			containerPortal = 01EFEC892607D2B600ADD919 /* Pods.xcodeproj */;
			proxyType = 2;
			remoteGlobalIDString = 8F65F9361F2069CF9E9D751272968DE4;
			remoteInfo = RNGestureHandler;
		};
		01EFED202607D2B700ADD919 /* PBXContainerItemProxy */ = {
			isa = PBXContainerItemProxy;
			containerPortal = 01EFEC892607D2B600ADD919 /* Pods.xcodeproj */;
			proxyType = 2;
			remoteGlobalIDString = C777CF2FB1E39A45CBBDB54E8693F471;
			remoteInfo = RNReanimated;
		};
		01EFED222607D2B700ADD919 /* PBXContainerItemProxy */ = {
			isa = PBXContainerItemProxy;
			containerPortal = 01EFEC892607D2B600ADD919 /* Pods.xcodeproj */;
			proxyType = 2;
			remoteGlobalIDString = 50B5347C9A6E93B7D4CFC3673BA6FB7E;
			remoteInfo = RNScreens;
		};
		01EFED242607D2B700ADD919 /* PBXContainerItemProxy */ = {
			isa = PBXContainerItemProxy;
			containerPortal = 01EFEC892607D2B600ADD919 /* Pods.xcodeproj */;
			proxyType = 2;
			remoteGlobalIDString = 8998273719FDD789E6F9C7541AFD0B33;
			remoteInfo = RNVectorIcons;
		};
		01EFED262607D2B700ADD919 /* PBXContainerItemProxy */ = {
			isa = PBXContainerItemProxy;
			containerPortal = 01EFEC892607D2B600ADD919 /* Pods.xcodeproj */;
			proxyType = 2;
			remoteGlobalIDString = 91B23470DEB9A986332BEB5034234BC7;
			remoteInfo = SSZipArchive;
		};
		01EFED282607D2B700ADD919 /* PBXContainerItemProxy */ = {
			isa = PBXContainerItemProxy;
			containerPortal = 01EFEC892607D2B600ADD919 /* Pods.xcodeproj */;
			proxyType = 2;
			remoteGlobalIDString = 65D0A19C165FA1126B1360680FE6DB12;
			remoteInfo = Yoga;
		};
		01EFED2A2607D2B700ADD919 /* PBXContainerItemProxy */ = {
			isa = PBXContainerItemProxy;
			containerPortal = 01EFEC892607D2B600ADD919 /* Pods.xcodeproj */;
			proxyType = 2;
			remoteGlobalIDString = 5B3357A1CE67C0BF4AE31936A1BE6888;
			remoteInfo = YogaKit;
		};
/* End PBXContainerItemProxy section */

/* Begin PBXFileReference section */
		008F07F21AC5B25A0029DE68 /* main.jsbundle */ = {isa = PBXFileReference; fileEncoding = 4; lastKnownFileType = text; path = main.jsbundle; sourceTree = "<group>"; };
		00E356F11AD99517003FC87E /* Info.plist */ = {isa = PBXFileReference; lastKnownFileType = text.plist.xml; path = Info.plist; sourceTree = "<group>"; };
		00E356F21AD99517003FC87E /* UEHTests.m */ = {isa = PBXFileReference; lastKnownFileType = sourcecode.c.objc; path = UEHTests.m; sourceTree = "<group>"; };
		0147DDE82607963800418537 /* libBVLinearGradient.a */ = {isa = PBXFileReference; explicitFileType = archive.ar; path = libBVLinearGradient.a; sourceTree = BUILT_PRODUCTS_DIR; };
		01EFEC892607D2B600ADD919 /* Pods.xcodeproj */ = {isa = PBXFileReference; lastKnownFileType = "wrapper.pb-project"; name = Pods.xcodeproj; path = ../../../../.Trash/Pods.xcodeproj; sourceTree = "<group>"; };
		041FC92E91FA476DBA02B752 /* FontAwesome5_Brands.ttf */ = {isa = PBXFileReference; explicitFileType = undefined; fileEncoding = 9; includeInIndex = 0; lastKnownFileType = unknown; name = FontAwesome5_Brands.ttf; path = "../node_modules/react-native-vector-icons/Fonts/FontAwesome5_Brands.ttf"; sourceTree = "<group>"; };
		13B07F961A680F5B00A75B9A /* UEH.app */ = {isa = PBXFileReference; explicitFileType = wrapper.application; includeInIndex = 0; path = UEH.app; sourceTree = BUILT_PRODUCTS_DIR; };
		13B07FAF1A68108700A75B9A /* AppDelegate.h */ = {isa = PBXFileReference; fileEncoding = 4; lastKnownFileType = sourcecode.c.h; name = AppDelegate.h; path = UEH/AppDelegate.h; sourceTree = "<group>"; };
		13B07FB01A68108700A75B9A /* AppDelegate.m */ = {isa = PBXFileReference; fileEncoding = 4; lastKnownFileType = sourcecode.c.objc; name = AppDelegate.m; path = UEH/AppDelegate.m; sourceTree = "<group>"; };
		13B07FB51A68108700A75B9A /* Images.xcassets */ = {isa = PBXFileReference; lastKnownFileType = folder.assetcatalog; name = Images.xcassets; path = UEH/Images.xcassets; sourceTree = "<group>"; };
		13B07FB61A68108700A75B9A /* Info.plist */ = {isa = PBXFileReference; fileEncoding = 4; lastKnownFileType = text.plist.xml; name = Info.plist; path = UEH/Info.plist; sourceTree = "<group>"; };
		13B07FB71A68108700A75B9A /* main.m */ = {isa = PBXFileReference; fileEncoding = 4; lastKnownFileType = sourcecode.c.objc; name = main.m; path = UEH/main.m; sourceTree = "<group>"; };
		180E986D770439E2CEE3026A /* Pods-UEH.release.xcconfig */ = {isa = PBXFileReference; includeInIndex = 1; lastKnownFileType = text.xcconfig; name = "Pods-UEH.release.xcconfig"; path = "Target Support Files/Pods-UEH/Pods-UEH.release.xcconfig"; sourceTree = "<group>"; };
		30B442CC0328477DB1BB252F /* SimpleLineIcons.ttf */ = {isa = PBXFileReference; explicitFileType = undefined; fileEncoding = 9; includeInIndex = 0; lastKnownFileType = unknown; name = SimpleLineIcons.ttf; path = "../node_modules/react-native-vector-icons/Fonts/SimpleLineIcons.ttf"; sourceTree = "<group>"; };
		322968484CBF406DBC564BD4 /* Octicons.ttf */ = {isa = PBXFileReference; explicitFileType = undefined; fileEncoding = 9; includeInIndex = 0; lastKnownFileType = unknown; name = Octicons.ttf; path = "../node_modules/react-native-vector-icons/Fonts/Octicons.ttf"; sourceTree = "<group>"; };
		33B264F62404431FA24A3741 /* FontAwesome.ttf */ = {isa = PBXFileReference; explicitFileType = undefined; fileEncoding = 9; includeInIndex = 0; lastKnownFileType = unknown; name = FontAwesome.ttf; path = "../node_modules/react-native-vector-icons/Fonts/FontAwesome.ttf"; sourceTree = "<group>"; };
		6156FE69C1824B2CB64985A0 /* Ionicons.ttf */ = {isa = PBXFileReference; explicitFileType = undefined; fileEncoding = 9; includeInIndex = 0; lastKnownFileType = unknown; name = Ionicons.ttf; path = "../node_modules/react-native-vector-icons/Fonts/Ionicons.ttf"; sourceTree = "<group>"; };
		72F1F856622FAD77A8CAC693 /* Pods-UEH.debug.xcconfig */ = {isa = PBXFileReference; includeInIndex = 1; lastKnownFileType = text.xcconfig; name = "Pods-UEH.debug.xcconfig"; path = "Target Support Files/Pods-UEH/Pods-UEH.debug.xcconfig"; sourceTree = "<group>"; };
		76957CBD340DA98BB55E9615 /* libPods-UEH-tvOS.a */ = {isa = PBXFileReference; explicitFileType = archive.ar; includeInIndex = 0; path = "libPods-UEH-tvOS.a"; sourceTree = BUILT_PRODUCTS_DIR; };
		81AB9BB72411601600AC10FF /* LaunchScreen.storyboard */ = {isa = PBXFileReference; fileEncoding = 4; lastKnownFileType = file.storyboard; name = LaunchScreen.storyboard; path = UEH/LaunchScreen.storyboard; sourceTree = "<group>"; };
		88E798B3197B40FC8BC0167A /* Fontisto.ttf */ = {isa = PBXFileReference; explicitFileType = undefined; fileEncoding = 9; includeInIndex = 0; lastKnownFileType = unknown; name = Fontisto.ttf; path = "../node_modules/react-native-vector-icons/Fonts/Fontisto.ttf"; sourceTree = "<group>"; };
		97805FADF4ED4D678DE45B8B /* FontAwesome5_Regular.ttf */ = {isa = PBXFileReference; explicitFileType = undefined; fileEncoding = 9; includeInIndex = 0; lastKnownFileType = unknown; name = FontAwesome5_Regular.ttf; path = "../node_modules/react-native-vector-icons/Fonts/FontAwesome5_Regular.ttf"; sourceTree = "<group>"; };
		9917F81EFB844037B0E22772 /* MaterialCommunityIcons.ttf */ = {isa = PBXFileReference; explicitFileType = undefined; fileEncoding = 9; includeInIndex = 0; lastKnownFileType = unknown; name = MaterialCommunityIcons.ttf; path = "../node_modules/react-native-vector-icons/Fonts/MaterialCommunityIcons.ttf"; sourceTree = "<group>"; };
		9C570AC367FDBE853253D214 /* libPods-UEH-tvOSTests.a */ = {isa = PBXFileReference; explicitFileType = archive.ar; includeInIndex = 0; path = "libPods-UEH-tvOSTests.a"; sourceTree = BUILT_PRODUCTS_DIR; };
		9E69042FA3FA4CBD8359417F /* Foundation.ttf */ = {isa = PBXFileReference; explicitFileType = undefined; fileEncoding = 9; includeInIndex = 0; lastKnownFileType = unknown; name = Foundation.ttf; path = "../node_modules/react-native-vector-icons/Fonts/Foundation.ttf"; sourceTree = "<group>"; };
		B21388FE29D24DE29E99BC38 /* EvilIcons.ttf */ = {isa = PBXFileReference; explicitFileType = undefined; fileEncoding = 9; includeInIndex = 0; lastKnownFileType = unknown; name = EvilIcons.ttf; path = "../node_modules/react-native-vector-icons/Fonts/EvilIcons.ttf"; sourceTree = "<group>"; };
		C33A6E06A29648309B8904D2 /* FontAwesome5_Solid.ttf */ = {isa = PBXFileReference; explicitFileType = undefined; fileEncoding = 9; includeInIndex = 0; lastKnownFileType = unknown; name = FontAwesome5_Solid.ttf; path = "../node_modules/react-native-vector-icons/Fonts/FontAwesome5_Solid.ttf"; sourceTree = "<group>"; };
		E44B9054310C471AAFD67535 /* Entypo.ttf */ = {isa = PBXFileReference; explicitFileType = undefined; fileEncoding = 9; includeInIndex = 0; lastKnownFileType = unknown; name = Entypo.ttf; path = "../node_modules/react-native-vector-icons/Fonts/Entypo.ttf"; sourceTree = "<group>"; };
		E6B48410ED104E34B8D2A561 /* Zocial.ttf */ = {isa = PBXFileReference; explicitFileType = undefined; fileEncoding = 9; includeInIndex = 0; lastKnownFileType = unknown; name = Zocial.ttf; path = "../node_modules/react-native-vector-icons/Fonts/Zocial.ttf"; sourceTree = "<group>"; };
		ED297162215061F000B7C4FE /* JavaScriptCore.framework */ = {isa = PBXFileReference; lastKnownFileType = wrapper.framework; name = JavaScriptCore.framework; path = System/Library/Frameworks/JavaScriptCore.framework; sourceTree = SDKROOT; };
		ED2971642150620600B7C4FE /* JavaScriptCore.framework */ = {isa = PBXFileReference; lastKnownFileType = wrapper.framework; name = JavaScriptCore.framework; path = Platforms/AppleTVOS.platform/Developer/SDKs/AppleTVOS12.0.sdk/System/Library/Frameworks/JavaScriptCore.framework; sourceTree = DEVELOPER_DIR; };
		F40E3AD1F5E34682BB641E36 /* MaterialIcons.ttf */ = {isa = PBXFileReference; explicitFileType = undefined; fileEncoding = 9; includeInIndex = 0; lastKnownFileType = unknown; name = MaterialIcons.ttf; path = "../node_modules/react-native-vector-icons/Fonts/MaterialIcons.ttf"; sourceTree = "<group>"; };
		F9DF58E1EF2361402A92DDFB /* libPods-UEH-UEHTests.a */ = {isa = PBXFileReference; explicitFileType = archive.ar; includeInIndex = 0; path = "libPods-UEH-UEHTests.a"; sourceTree = BUILT_PRODUCTS_DIR; };
		FA86B16B69BA455A92206464 /* Feather.ttf */ = {isa = PBXFileReference; explicitFileType = undefined; fileEncoding = 9; includeInIndex = 0; lastKnownFileType = unknown; name = Feather.ttf; path = "../node_modules/react-native-vector-icons/Fonts/Feather.ttf"; sourceTree = "<group>"; };
		FC0FB542314C49D0904C0C91 /* AntDesign.ttf */ = {isa = PBXFileReference; explicitFileType = undefined; fileEncoding = 9; includeInIndex = 0; lastKnownFileType = unknown; name = AntDesign.ttf; path = "../node_modules/react-native-vector-icons/Fonts/AntDesign.ttf"; sourceTree = "<group>"; };
		FC3E4A7CE279B2304E88CB3F /* libPods-UEH.a */ = {isa = PBXFileReference; explicitFileType = archive.ar; includeInIndex = 0; path = "libPods-UEH.a"; sourceTree = BUILT_PRODUCTS_DIR; };
/* End PBXFileReference section */

/* Begin PBXFrameworksBuildPhase section */
		13B07F8C1A680F5B00A75B9A /* Frameworks */ = {
			isa = PBXFrameworksBuildPhase;
			buildActionMask = 2147483647;
			files = (
				6CC0FDE46E5C31F6B07BB254 /* libPods-UEH.a in Frameworks */,
			);
			runOnlyForDeploymentPostprocessing = 0;
		};
/* End PBXFrameworksBuildPhase section */

/* Begin PBXGroup section */
		00E356EF1AD99517003FC87E /* UEHTests */ = {
			isa = PBXGroup;
			children = (
				00E356F21AD99517003FC87E /* UEHTests.m */,
				00E356F01AD99517003FC87E /* Supporting Files */,
			);
			path = UEHTests;
			sourceTree = "<group>";
		};
		00E356F01AD99517003FC87E /* Supporting Files */ = {
			isa = PBXGroup;
			children = (
				00E356F11AD99517003FC87E /* Info.plist */,
			);
			name = "Supporting Files";
			sourceTree = "<group>";
		};
		01EFEC8A2607D2B600ADD919 /* Products */ = {
			isa = PBXGroup;
			children = (
				01EFECC92607D2B700ADD919 /* libappcenter-analytics.a */,
				01EFECCB2607D2B700ADD919 /* libappcenter-core.a */,
				01EFECCD2607D2B700ADD919 /* libappcenter-crashes.a */,
				01EFECCF2607D2B700ADD919 /* libBase64.a */,
				01EFECD12607D2B700ADD919 /* libBVLinearGradient.a */,
				01EFECD32607D2B700ADD919 /* libCocoaAsyncSocket.a */,
				01EFECD52607D2B700ADD919 /* libCodePush.a */,
				01EFECD72607D2B700ADD919 /* libDoubleConversion.a */,
				01EFECD92607D2B700ADD919 /* libFBReactNativeSpec.a */,
				01EFECDB2607D2B700ADD919 /* libFlipper.a */,
				01EFECDD2607D2B700ADD919 /* libFlipper-DoubleConversion.a */,
				01EFECDF2607D2B700ADD919 /* libFlipper-Folly.a */,
				01EFECE12607D2B700ADD919 /* libFlipper-Glog.a */,
				01EFECE32607D2B700ADD919 /* libFlipper-PeerTalk.a */,
				01EFECE52607D2B700ADD919 /* libFlipper-RSocket.a */,
				01EFECE72607D2B700ADD919 /* libFlipperKit.a */,
				01EFECE92607D2B700ADD919 /* libFolly.a */,
				01EFECEB2607D2B700ADD919 /* libglog.a */,
				01EFECED2607D2B700ADD919 /* libJWT.a */,
				01EFECEF2607D2B700ADD919 /* libPods-UEH.a */,
				01EFECF12607D2B700ADD919 /* libRCTTypeSafety.a */,
				01EFECF32607D2B700ADD919 /* libReact-Core.a */,
				01EFECF52607D2B700ADD919 /* libReact-Core-60309c9c.a */,
				01EFECFB2607D2B700ADD919 /* libReact-CoreModules.a */,
				01EFECFD2607D2B700ADD919 /* libReact-cxxreact.a */,
				01EFECFF2607D2B700ADD919 /* libReact-jsi.a */,
				01EFED012607D2B700ADD919 /* libReact-jsiexecutor.a */,
				01EFED032607D2B700ADD919 /* libReact-jsinspector.a */,
				01EFED052607D2B700ADD919 /* libreact-native-safe-area-context.a */,
				01EFED072607D2B700ADD919 /* libReact-RCTAnimation.a */,
				01EFED092607D2B700ADD919 /* libReact-RCTBlob.a */,
				01EFED0B2607D2B700ADD919 /* libReact-RCTImage.a */,
				01EFED0D2607D2B700ADD919 /* libReact-RCTLinking.a */,
				01EFED0F2607D2B700ADD919 /* libReact-RCTNetwork.a */,
				01EFED112607D2B700ADD919 /* libReact-RCTSettings.a */,
				01EFED132607D2B700ADD919 /* libReact-RCTText.a */,
				01EFED152607D2B700ADD919 /* libReact-RCTVibration.a */,
				01EFED172607D2B700ADD919 /* libReactCommon.a */,
				01EFED192607D2B700ADD919 /* libRNCAsyncStorage.a */,
				01EFED1B2607D2B700ADD919 /* libRNCCheckbox.a */,
				01EFED1D2607D2B700ADD919 /* libRNCMaskedView.a */,
				01EFED1F2607D2B700ADD919 /* libRNGestureHandler.a */,
				01EFED212607D2B700ADD919 /* libRNReanimated.a */,
				01EFED232607D2B700ADD919 /* libRNScreens.a */,
				01EFED252607D2B700ADD919 /* libRNVectorIcons.a */,
				01EFED272607D2B700ADD919 /* libSSZipArchive.a */,
				01EFED292607D2B700ADD919 /* libYoga.a */,
				01EFED2B2607D2B700ADD919 /* libYogaKit.a */,
			);
			name = Products;
			sourceTree = "<group>";
		};
		13B07FAE1A68108700A75B9A /* UEH */ = {
			isa = PBXGroup;
			children = (
				008F07F21AC5B25A0029DE68 /* main.jsbundle */,
				13B07FAF1A68108700A75B9A /* AppDelegate.h */,
				13B07FB01A68108700A75B9A /* AppDelegate.m */,
				13B07FB51A68108700A75B9A /* Images.xcassets */,
				13B07FB61A68108700A75B9A /* Info.plist */,
				81AB9BB72411601600AC10FF /* LaunchScreen.storyboard */,
				13B07FB71A68108700A75B9A /* main.m */,
			);
			name = UEH;
			sourceTree = "<group>";
		};
		2400564BE1183F4741774DFC /* Pods */ = {
			isa = PBXGroup;
			children = (
				72F1F856622FAD77A8CAC693 /* Pods-UEH.debug.xcconfig */,
				180E986D770439E2CEE3026A /* Pods-UEH.release.xcconfig */,
			);
			path = Pods;
			sourceTree = "<group>";
		};
		2D16E6871FA4F8E400B85C8A /* Frameworks */ = {
			isa = PBXGroup;
			children = (
				0147DDE82607963800418537 /* libBVLinearGradient.a */,
				ED297162215061F000B7C4FE /* JavaScriptCore.framework */,
				ED2971642150620600B7C4FE /* JavaScriptCore.framework */,
				FC3E4A7CE279B2304E88CB3F /* libPods-UEH.a */,
				F9DF58E1EF2361402A92DDFB /* libPods-UEH-UEHTests.a */,
				76957CBD340DA98BB55E9615 /* libPods-UEH-tvOS.a */,
				9C570AC367FDBE853253D214 /* libPods-UEH-tvOSTests.a */,
			);
			name = Frameworks;
			sourceTree = "<group>";
		};
		832341AE1AAA6A7D00B99B32 /* Libraries */ = {
			isa = PBXGroup;
			children = (
			);
			name = Libraries;
			sourceTree = "<group>";
		};
		83CBB9F61A601CBA00E9B192 = {
			isa = PBXGroup;
			children = (
				13B07FAE1A68108700A75B9A /* UEH */,
				832341AE1AAA6A7D00B99B32 /* Libraries */,
				00E356EF1AD99517003FC87E /* UEHTests */,
				83CBBA001A601CBA00E9B192 /* Products */,
				2D16E6871FA4F8E400B85C8A /* Frameworks */,
				2400564BE1183F4741774DFC /* Pods */,
				01EFEC892607D2B600ADD919 /* Pods.xcodeproj */,
				C6B9F722F24445D2967C539D /* Resources */,
			);
			indentWidth = 2;
			sourceTree = "<group>";
			tabWidth = 2;
			usesTabs = 0;
		};
		83CBBA001A601CBA00E9B192 /* Products */ = {
			isa = PBXGroup;
			children = (
				13B07F961A680F5B00A75B9A /* UEH.app */,
			);
			name = Products;
			sourceTree = "<group>";
		};
		C6B9F722F24445D2967C539D /* Resources */ = {
			isa = PBXGroup;
			children = (
				FC0FB542314C49D0904C0C91 /* AntDesign.ttf */,
				E44B9054310C471AAFD67535 /* Entypo.ttf */,
				B21388FE29D24DE29E99BC38 /* EvilIcons.ttf */,
				FA86B16B69BA455A92206464 /* Feather.ttf */,
				33B264F62404431FA24A3741 /* FontAwesome.ttf */,
				041FC92E91FA476DBA02B752 /* FontAwesome5_Brands.ttf */,
				97805FADF4ED4D678DE45B8B /* FontAwesome5_Regular.ttf */,
				C33A6E06A29648309B8904D2 /* FontAwesome5_Solid.ttf */,
				88E798B3197B40FC8BC0167A /* Fontisto.ttf */,
				9E69042FA3FA4CBD8359417F /* Foundation.ttf */,
				6156FE69C1824B2CB64985A0 /* Ionicons.ttf */,
				9917F81EFB844037B0E22772 /* MaterialCommunityIcons.ttf */,
				F40E3AD1F5E34682BB641E36 /* MaterialIcons.ttf */,
				322968484CBF406DBC564BD4 /* Octicons.ttf */,
				30B442CC0328477DB1BB252F /* SimpleLineIcons.ttf */,
				E6B48410ED104E34B8D2A561 /* Zocial.ttf */,
			);
			name = Resources;
			sourceTree = "<group>";
		};
/* End PBXGroup section */

/* Begin PBXNativeTarget section */
		13B07F861A680F5B00A75B9A /* UEH */ = {
			isa = PBXNativeTarget;
			buildConfigurationList = 13B07F931A680F5B00A75B9A /* Build configuration list for PBXNativeTarget "UEH" */;
			buildPhases = (
				31EEA50FAD7CAA8C460A3F49 /* [CP] Check Pods Manifest.lock */,
				FD10A7F022414F080027D42C /* Start Packager */,
				13B07F871A680F5B00A75B9A /* Sources */,
				13B07F8C1A680F5B00A75B9A /* Frameworks */,
				13B07F8E1A680F5B00A75B9A /* Resources */,
				00DD1BFF1BD5951E006B06BC /* Bundle React Native code and images */,
				B4BEB6B5D4730038D9E07B89 /* [CP] Copy Pods Resources */,
				88534464AABD1246FB5E8287 /* [CP] Embed Pods Frameworks */,
			);
			buildRules = (
			);
			dependencies = (
			);
			name = UEH;
			productName = UEH;
			productReference = 13B07F961A680F5B00A75B9A /* UEH.app */;
			productType = "com.apple.product-type.application";
		};
/* End PBXNativeTarget section */

/* Begin PBXProject section */
		83CBB9F71A601CBA00E9B192 /* Project object */ = {
			isa = PBXProject;
			attributes = {
				LastUpgradeCheck = 1240;
				TargetAttributes = {
					13B07F861A680F5B00A75B9A = {
						LastSwiftMigration = 1120;
					};
				};
			};
			buildConfigurationList = 83CBB9FA1A601CBA00E9B192 /* Build configuration list for PBXProject "UEH" */;
			compatibilityVersion = "Xcode 12.0";
			developmentRegion = en;
			hasScannedForEncodings = 0;
			knownRegions = (
				en,
				Base,
			);
			mainGroup = 83CBB9F61A601CBA00E9B192;
			productRefGroup = 83CBBA001A601CBA00E9B192 /* Products */;
			projectDirPath = "";
			projectReferences = (
				{
					ProductGroup = 01EFEC8A2607D2B600ADD919 /* Products */;
					ProjectRef = 01EFEC892607D2B600ADD919 /* Pods.xcodeproj */;
				},
			);
			projectRoot = "";
			targets = (
				13B07F861A680F5B00A75B9A /* UEH */,
			);
		};
/* End PBXProject section */

/* Begin PBXReferenceProxy section */
		01EFECC92607D2B700ADD919 /* libappcenter-analytics.a */ = {
			isa = PBXReferenceProxy;
			fileType = archive.ar;
			path = "libappcenter-analytics.a";
			remoteRef = 01EFECC82607D2B700ADD919 /* PBXContainerItemProxy */;
			sourceTree = BUILT_PRODUCTS_DIR;
		};
		01EFECCB2607D2B700ADD919 /* libappcenter-core.a */ = {
			isa = PBXReferenceProxy;
			fileType = archive.ar;
			path = "libappcenter-core.a";
			remoteRef = 01EFECCA2607D2B700ADD919 /* PBXContainerItemProxy */;
			sourceTree = BUILT_PRODUCTS_DIR;
		};
		01EFECCD2607D2B700ADD919 /* libappcenter-crashes.a */ = {
			isa = PBXReferenceProxy;
			fileType = archive.ar;
			path = "libappcenter-crashes.a";
			remoteRef = 01EFECCC2607D2B700ADD919 /* PBXContainerItemProxy */;
			sourceTree = BUILT_PRODUCTS_DIR;
		};
		01EFECCF2607D2B700ADD919 /* libBase64.a */ = {
			isa = PBXReferenceProxy;
			fileType = archive.ar;
			path = libBase64.a;
			remoteRef = 01EFECCE2607D2B700ADD919 /* PBXContainerItemProxy */;
			sourceTree = BUILT_PRODUCTS_DIR;
		};
		01EFECD12607D2B700ADD919 /* libBVLinearGradient.a */ = {
			isa = PBXReferenceProxy;
			fileType = archive.ar;
			path = libBVLinearGradient.a;
			remoteRef = 01EFECD02607D2B700ADD919 /* PBXContainerItemProxy */;
			sourceTree = BUILT_PRODUCTS_DIR;
		};
		01EFECD32607D2B700ADD919 /* libCocoaAsyncSocket.a */ = {
			isa = PBXReferenceProxy;
			fileType = archive.ar;
			path = libCocoaAsyncSocket.a;
			remoteRef = 01EFECD22607D2B700ADD919 /* PBXContainerItemProxy */;
			sourceTree = BUILT_PRODUCTS_DIR;
		};
		01EFECD52607D2B700ADD919 /* libCodePush.a */ = {
			isa = PBXReferenceProxy;
			fileType = archive.ar;
			path = libCodePush.a;
			remoteRef = 01EFECD42607D2B700ADD919 /* PBXContainerItemProxy */;
			sourceTree = BUILT_PRODUCTS_DIR;
		};
		01EFECD72607D2B700ADD919 /* libDoubleConversion.a */ = {
			isa = PBXReferenceProxy;
			fileType = archive.ar;
			path = libDoubleConversion.a;
			remoteRef = 01EFECD62607D2B700ADD919 /* PBXContainerItemProxy */;
			sourceTree = BUILT_PRODUCTS_DIR;
		};
		01EFECD92607D2B700ADD919 /* libFBReactNativeSpec.a */ = {
			isa = PBXReferenceProxy;
			fileType = archive.ar;
			path = libFBReactNativeSpec.a;
			remoteRef = 01EFECD82607D2B700ADD919 /* PBXContainerItemProxy */;
			sourceTree = BUILT_PRODUCTS_DIR;
		};
		01EFECDB2607D2B700ADD919 /* libFlipper.a */ = {
			isa = PBXReferenceProxy;
			fileType = archive.ar;
			path = libFlipper.a;
			remoteRef = 01EFECDA2607D2B700ADD919 /* PBXContainerItemProxy */;
			sourceTree = BUILT_PRODUCTS_DIR;
		};
		01EFECDD2607D2B700ADD919 /* libFlipper-DoubleConversion.a */ = {
			isa = PBXReferenceProxy;
			fileType = archive.ar;
			path = "libFlipper-DoubleConversion.a";
			remoteRef = 01EFECDC2607D2B700ADD919 /* PBXContainerItemProxy */;
			sourceTree = BUILT_PRODUCTS_DIR;
		};
		01EFECDF2607D2B700ADD919 /* libFlipper-Folly.a */ = {
			isa = PBXReferenceProxy;
			fileType = archive.ar;
			path = "libFlipper-Folly.a";
			remoteRef = 01EFECDE2607D2B700ADD919 /* PBXContainerItemProxy */;
			sourceTree = BUILT_PRODUCTS_DIR;
		};
		01EFECE12607D2B700ADD919 /* libFlipper-Glog.a */ = {
			isa = PBXReferenceProxy;
			fileType = archive.ar;
			path = "libFlipper-Glog.a";
			remoteRef = 01EFECE02607D2B700ADD919 /* PBXContainerItemProxy */;
			sourceTree = BUILT_PRODUCTS_DIR;
		};
		01EFECE32607D2B700ADD919 /* libFlipper-PeerTalk.a */ = {
			isa = PBXReferenceProxy;
			fileType = archive.ar;
			path = "libFlipper-PeerTalk.a";
			remoteRef = 01EFECE22607D2B700ADD919 /* PBXContainerItemProxy */;
			sourceTree = BUILT_PRODUCTS_DIR;
		};
		01EFECE52607D2B700ADD919 /* libFlipper-RSocket.a */ = {
			isa = PBXReferenceProxy;
			fileType = archive.ar;
			path = "libFlipper-RSocket.a";
			remoteRef = 01EFECE42607D2B700ADD919 /* PBXContainerItemProxy */;
			sourceTree = BUILT_PRODUCTS_DIR;
		};
		01EFECE72607D2B700ADD919 /* libFlipperKit.a */ = {
			isa = PBXReferenceProxy;
			fileType = archive.ar;
			path = libFlipperKit.a;
			remoteRef = 01EFECE62607D2B700ADD919 /* PBXContainerItemProxy */;
			sourceTree = BUILT_PRODUCTS_DIR;
		};
		01EFECE92607D2B700ADD919 /* libFolly.a */ = {
			isa = PBXReferenceProxy;
			fileType = archive.ar;
			path = libFolly.a;
			remoteRef = 01EFECE82607D2B700ADD919 /* PBXContainerItemProxy */;
			sourceTree = BUILT_PRODUCTS_DIR;
		};
		01EFECEB2607D2B700ADD919 /* libglog.a */ = {
			isa = PBXReferenceProxy;
			fileType = archive.ar;
			path = libglog.a;
			remoteRef = 01EFECEA2607D2B700ADD919 /* PBXContainerItemProxy */;
			sourceTree = BUILT_PRODUCTS_DIR;
		};
		01EFECED2607D2B700ADD919 /* libJWT.a */ = {
			isa = PBXReferenceProxy;
			fileType = archive.ar;
			path = libJWT.a;
			remoteRef = 01EFECEC2607D2B700ADD919 /* PBXContainerItemProxy */;
			sourceTree = BUILT_PRODUCTS_DIR;
		};
		01EFECEF2607D2B700ADD919 /* libPods-UEH.a */ = {
			isa = PBXReferenceProxy;
			fileType = archive.ar;
			path = "libPods-UEH.a";
			remoteRef = 01EFECEE2607D2B700ADD919 /* PBXContainerItemProxy */;
			sourceTree = BUILT_PRODUCTS_DIR;
		};
		01EFECF12607D2B700ADD919 /* libRCTTypeSafety.a */ = {
			isa = PBXReferenceProxy;
			fileType = archive.ar;
			path = libRCTTypeSafety.a;
			remoteRef = 01EFECF02607D2B700ADD919 /* PBXContainerItemProxy */;
			sourceTree = BUILT_PRODUCTS_DIR;
		};
		01EFECF32607D2B700ADD919 /* libReact-Core.a */ = {
			isa = PBXReferenceProxy;
			fileType = archive.ar;
			path = "libReact-Core.a";
			remoteRef = 01EFECF22607D2B700ADD919 /* PBXContainerItemProxy */;
			sourceTree = BUILT_PRODUCTS_DIR;
		};
		01EFECF52607D2B700ADD919 /* libReact-Core-60309c9c.a */ = {
			isa = PBXReferenceProxy;
			fileType = archive.ar;
			path = "libReact-Core-60309c9c.a";
			remoteRef = 01EFECF42607D2B700ADD919 /* PBXContainerItemProxy */;
			sourceTree = BUILT_PRODUCTS_DIR;
		};
		01EFECFB2607D2B700ADD919 /* libReact-CoreModules.a */ = {
			isa = PBXReferenceProxy;
			fileType = archive.ar;
			path = "libReact-CoreModules.a";
			remoteRef = 01EFECFA2607D2B700ADD919 /* PBXContainerItemProxy */;
			sourceTree = BUILT_PRODUCTS_DIR;
		};
		01EFECFD2607D2B700ADD919 /* libReact-cxxreact.a */ = {
			isa = PBXReferenceProxy;
			fileType = archive.ar;
			path = "libReact-cxxreact.a";
			remoteRef = 01EFECFC2607D2B700ADD919 /* PBXContainerItemProxy */;
			sourceTree = BUILT_PRODUCTS_DIR;
		};
		01EFECFF2607D2B700ADD919 /* libReact-jsi.a */ = {
			isa = PBXReferenceProxy;
			fileType = archive.ar;
			path = "libReact-jsi.a";
			remoteRef = 01EFECFE2607D2B700ADD919 /* PBXContainerItemProxy */;
			sourceTree = BUILT_PRODUCTS_DIR;
		};
		01EFED012607D2B700ADD919 /* libReact-jsiexecutor.a */ = {
			isa = PBXReferenceProxy;
			fileType = archive.ar;
			path = "libReact-jsiexecutor.a";
			remoteRef = 01EFED002607D2B700ADD919 /* PBXContainerItemProxy */;
			sourceTree = BUILT_PRODUCTS_DIR;
		};
		01EFED032607D2B700ADD919 /* libReact-jsinspector.a */ = {
			isa = PBXReferenceProxy;
			fileType = archive.ar;
			path = "libReact-jsinspector.a";
			remoteRef = 01EFED022607D2B700ADD919 /* PBXContainerItemProxy */;
			sourceTree = BUILT_PRODUCTS_DIR;
		};
		01EFED052607D2B700ADD919 /* libreact-native-safe-area-context.a */ = {
			isa = PBXReferenceProxy;
			fileType = archive.ar;
			path = "libreact-native-safe-area-context.a";
			remoteRef = 01EFED042607D2B700ADD919 /* PBXContainerItemProxy */;
			sourceTree = BUILT_PRODUCTS_DIR;
		};
		01EFED072607D2B700ADD919 /* libReact-RCTAnimation.a */ = {
			isa = PBXReferenceProxy;
			fileType = archive.ar;
			path = "libReact-RCTAnimation.a";
			remoteRef = 01EFED062607D2B700ADD919 /* PBXContainerItemProxy */;
			sourceTree = BUILT_PRODUCTS_DIR;
		};
		01EFED092607D2B700ADD919 /* libReact-RCTBlob.a */ = {
			isa = PBXReferenceProxy;
			fileType = archive.ar;
			path = "libReact-RCTBlob.a";
			remoteRef = 01EFED082607D2B700ADD919 /* PBXContainerItemProxy */;
			sourceTree = BUILT_PRODUCTS_DIR;
		};
		01EFED0B2607D2B700ADD919 /* libReact-RCTImage.a */ = {
			isa = PBXReferenceProxy;
			fileType = archive.ar;
			path = "libReact-RCTImage.a";
			remoteRef = 01EFED0A2607D2B700ADD919 /* PBXContainerItemProxy */;
			sourceTree = BUILT_PRODUCTS_DIR;
		};
		01EFED0D2607D2B700ADD919 /* libReact-RCTLinking.a */ = {
			isa = PBXReferenceProxy;
			fileType = archive.ar;
			path = "libReact-RCTLinking.a";
			remoteRef = 01EFED0C2607D2B700ADD919 /* PBXContainerItemProxy */;
			sourceTree = BUILT_PRODUCTS_DIR;
		};
		01EFED0F2607D2B700ADD919 /* libReact-RCTNetwork.a */ = {
			isa = PBXReferenceProxy;
			fileType = archive.ar;
			path = "libReact-RCTNetwork.a";
			remoteRef = 01EFED0E2607D2B700ADD919 /* PBXContainerItemProxy */;
			sourceTree = BUILT_PRODUCTS_DIR;
		};
		01EFED112607D2B700ADD919 /* libReact-RCTSettings.a */ = {
			isa = PBXReferenceProxy;
			fileType = archive.ar;
			path = "libReact-RCTSettings.a";
			remoteRef = 01EFED102607D2B700ADD919 /* PBXContainerItemProxy */;
			sourceTree = BUILT_PRODUCTS_DIR;
		};
		01EFED132607D2B700ADD919 /* libReact-RCTText.a */ = {
			isa = PBXReferenceProxy;
			fileType = archive.ar;
			path = "libReact-RCTText.a";
			remoteRef = 01EFED122607D2B700ADD919 /* PBXContainerItemProxy */;
			sourceTree = BUILT_PRODUCTS_DIR;
		};
		01EFED152607D2B700ADD919 /* libReact-RCTVibration.a */ = {
			isa = PBXReferenceProxy;
			fileType = archive.ar;
			path = "libReact-RCTVibration.a";
			remoteRef = 01EFED142607D2B700ADD919 /* PBXContainerItemProxy */;
			sourceTree = BUILT_PRODUCTS_DIR;
		};
		01EFED172607D2B700ADD919 /* libReactCommon.a */ = {
			isa = PBXReferenceProxy;
			fileType = archive.ar;
			path = libReactCommon.a;
			remoteRef = 01EFED162607D2B700ADD919 /* PBXContainerItemProxy */;
			sourceTree = BUILT_PRODUCTS_DIR;
		};
		01EFED192607D2B700ADD919 /* libRNCAsyncStorage.a */ = {
			isa = PBXReferenceProxy;
			fileType = archive.ar;
			path = libRNCAsyncStorage.a;
			remoteRef = 01EFED182607D2B700ADD919 /* PBXContainerItemProxy */;
			sourceTree = BUILT_PRODUCTS_DIR;
		};
		01EFED1B2607D2B700ADD919 /* libRNCCheckbox.a */ = {
			isa = PBXReferenceProxy;
			fileType = archive.ar;
			path = libRNCCheckbox.a;
			remoteRef = 01EFED1A2607D2B700ADD919 /* PBXContainerItemProxy */;
			sourceTree = BUILT_PRODUCTS_DIR;
		};
		01EFED1D2607D2B700ADD919 /* libRNCMaskedView.a */ = {
			isa = PBXReferenceProxy;
			fileType = archive.ar;
			path = libRNCMaskedView.a;
			remoteRef = 01EFED1C2607D2B700ADD919 /* PBXContainerItemProxy */;
			sourceTree = BUILT_PRODUCTS_DIR;
		};
		01EFED1F2607D2B700ADD919 /* libRNGestureHandler.a */ = {
			isa = PBXReferenceProxy;
			fileType = archive.ar;
			path = libRNGestureHandler.a;
			remoteRef = 01EFED1E2607D2B700ADD919 /* PBXContainerItemProxy */;
			sourceTree = BUILT_PRODUCTS_DIR;
		};
		01EFED212607D2B700ADD919 /* libRNReanimated.a */ = {
			isa = PBXReferenceProxy;
			fileType = archive.ar;
			path = libRNReanimated.a;
			remoteRef = 01EFED202607D2B700ADD919 /* PBXContainerItemProxy */;
			sourceTree = BUILT_PRODUCTS_DIR;
		};
		01EFED232607D2B700ADD919 /* libRNScreens.a */ = {
			isa = PBXReferenceProxy;
			fileType = archive.ar;
			path = libRNScreens.a;
			remoteRef = 01EFED222607D2B700ADD919 /* PBXContainerItemProxy */;
			sourceTree = BUILT_PRODUCTS_DIR;
		};
		01EFED252607D2B700ADD919 /* libRNVectorIcons.a */ = {
			isa = PBXReferenceProxy;
			fileType = archive.ar;
			path = libRNVectorIcons.a;
			remoteRef = 01EFED242607D2B700ADD919 /* PBXContainerItemProxy */;
			sourceTree = BUILT_PRODUCTS_DIR;
		};
		01EFED272607D2B700ADD919 /* libSSZipArchive.a */ = {
			isa = PBXReferenceProxy;
			fileType = archive.ar;
			path = libSSZipArchive.a;
			remoteRef = 01EFED262607D2B700ADD919 /* PBXContainerItemProxy */;
			sourceTree = BUILT_PRODUCTS_DIR;
		};
		01EFED292607D2B700ADD919 /* libYoga.a */ = {
			isa = PBXReferenceProxy;
			fileType = archive.ar;
			path = libYoga.a;
			remoteRef = 01EFED282607D2B700ADD919 /* PBXContainerItemProxy */;
			sourceTree = BUILT_PRODUCTS_DIR;
		};
		01EFED2B2607D2B700ADD919 /* libYogaKit.a */ = {
			isa = PBXReferenceProxy;
			fileType = archive.ar;
			path = libYogaKit.a;
			remoteRef = 01EFED2A2607D2B700ADD919 /* PBXContainerItemProxy */;
			sourceTree = BUILT_PRODUCTS_DIR;
		};
/* End PBXReferenceProxy section */

/* Begin PBXResourcesBuildPhase section */
		13B07F8E1A680F5B00A75B9A /* Resources */ = {
			isa = PBXResourcesBuildPhase;
			buildActionMask = 2147483647;
			files = (
			);
			runOnlyForDeploymentPostprocessing = 0;
		};
/* End PBXResourcesBuildPhase section */

/* Begin PBXShellScriptBuildPhase section */
		00DD1BFF1BD5951E006B06BC /* Bundle React Native code and images */ = {
			isa = PBXShellScriptBuildPhase;
			buildActionMask = 2147483647;
			files = (
			);
			inputPaths = (
			);
			name = "Bundle React Native code and images";
			outputPaths = (
			);
			runOnlyForDeploymentPostprocessing = 0;
			shellPath = /bin/sh;
			shellScript = "export NODE_BINARY=node\n../node_modules/react-native/scripts/react-native-xcode.sh";
		};
		31EEA50FAD7CAA8C460A3F49 /* [CP] Check Pods Manifest.lock */ = {
			isa = PBXShellScriptBuildPhase;
			buildActionMask = 2147483647;
			files = (
			);
			inputFileListPaths = (
			);
			inputPaths = (
				"${PODS_PODFILE_DIR_PATH}/Podfile.lock",
				"${PODS_ROOT}/Manifest.lock",
			);
			name = "[CP] Check Pods Manifest.lock";
			outputFileListPaths = (
			);
			outputPaths = (
				"$(DERIVED_FILE_DIR)/Pods-UEH-checkManifestLockResult.txt",
			);
			runOnlyForDeploymentPostprocessing = 0;
			shellPath = /bin/sh;
			shellScript = "diff \"${PODS_PODFILE_DIR_PATH}/Podfile.lock\" \"${PODS_ROOT}/Manifest.lock\" > /dev/null\nif [ $? != 0 ] ; then\n    # print error to STDERR\n    echo \"error: The sandbox is not in sync with the Podfile.lock. Run 'pod install' or update your CocoaPods installation.\" >&2\n    exit 1\nfi\n# This output is used by Xcode 'outputs' to avoid re-running this script phase.\necho \"SUCCESS\" > \"${SCRIPT_OUTPUT_FILE_0}\"\n";
			showEnvVarsInLog = 0;
		};
		88534464AABD1246FB5E8287 /* [CP] Embed Pods Frameworks */ = {
			isa = PBXShellScriptBuildPhase;
			buildActionMask = 2147483647;
			files = (
			);
			inputFileListPaths = (
				"${PODS_ROOT}/Target Support Files/Pods-UEH/Pods-UEH-frameworks-${CONFIGURATION}-input-files.xcfilelist",
			);
			name = "[CP] Embed Pods Frameworks";
			outputFileListPaths = (
				"${PODS_ROOT}/Target Support Files/Pods-UEH/Pods-UEH-frameworks-${CONFIGURATION}-output-files.xcfilelist",
			);
			runOnlyForDeploymentPostprocessing = 0;
			shellPath = /bin/sh;
			shellScript = "\"${PODS_ROOT}/Target Support Files/Pods-UEH/Pods-UEH-frameworks.sh\"\n";
			showEnvVarsInLog = 0;
		};
		B4BEB6B5D4730038D9E07B89 /* [CP] Copy Pods Resources */ = {
			isa = PBXShellScriptBuildPhase;
			buildActionMask = 2147483647;
			files = (
			);
			inputFileListPaths = (
				"${PODS_ROOT}/Target Support Files/Pods-UEH/Pods-UEH-resources-${CONFIGURATION}-input-files.xcfilelist",
			);
			name = "[CP] Copy Pods Resources";
			outputFileListPaths = (
				"${PODS_ROOT}/Target Support Files/Pods-UEH/Pods-UEH-resources-${CONFIGURATION}-output-files.xcfilelist",
			);
			runOnlyForDeploymentPostprocessing = 0;
			shellPath = /bin/sh;
			shellScript = "\"${PODS_ROOT}/Target Support Files/Pods-UEH/Pods-UEH-resources.sh\"\n";
			showEnvVarsInLog = 0;
		};
		FD10A7F022414F080027D42C /* Start Packager */ = {
			isa = PBXShellScriptBuildPhase;
			buildActionMask = 2147483647;
			files = (
			);
			inputFileListPaths = (
			);
			inputPaths = (
			);
			name = "Start Packager";
			outputFileListPaths = (
			);
			outputPaths = (
			);
			runOnlyForDeploymentPostprocessing = 0;
			shellPath = /bin/sh;
			shellScript = "export RCT_METRO_PORT=\"${RCT_METRO_PORT:=8081}\"\necho \"export RCT_METRO_PORT=${RCT_METRO_PORT}\" > \"${SRCROOT}/../node_modules/react-native/scripts/.packager.env\"\nif [ -z \"${RCT_NO_LAUNCH_PACKAGER+xxx}\" ] ; then\n  if nc -w 5 -z localhost ${RCT_METRO_PORT} ; then\n    if ! curl -s \"http://localhost:${RCT_METRO_PORT}/status\" | grep -q \"packager-status:running\" ; then\n      echo \"Port ${RCT_METRO_PORT} already in use, packager is either not running or not running correctly\"\n      exit 2\n    fi\n  else\n    open \"$SRCROOT/../node_modules/react-native/scripts/launchPackager.command\" || echo \"Can't start packager automatically\"\n  fi\nfi\n";
			showEnvVarsInLog = 0;
		};
/* End PBXShellScriptBuildPhase section */

/* Begin PBXSourcesBuildPhase section */
		13B07F871A680F5B00A75B9A /* Sources */ = {
			isa = PBXSourcesBuildPhase;
			buildActionMask = 2147483647;
			files = (
				13B07FBC1A68108700A75B9A /* AppDelegate.m in Sources */,
				13B07FC11A68108700A75B9A /* main.m in Sources */,
			);
			runOnlyForDeploymentPostprocessing = 0;
		};
/* End PBXSourcesBuildPhase section */

/* Begin XCBuildConfiguration section */
		13B07F941A680F5B00A75B9A /* Debug */ = {
			isa = XCBuildConfiguration;
			baseConfigurationReference = 72F1F856622FAD77A8CAC693 /* Pods-UEH.debug.xcconfig */;
			buildSettings = {
				ASSETCATALOG_COMPILER_APPICON_NAME = AppIcon;
				CLANG_ENABLE_MODULES = YES;
				CURRENT_PROJECT_VERSION = 1;
				ENABLE_BITCODE = NO;
				EXCLUDED_ARCHS = "";
				"EXCLUDED_ARCHS[sdk=iphonesimulator*]" = arm64;
				INFOPLIST_FILE = UEH/Info.plist;
				IPHONEOS_DEPLOYMENT_TARGET = 14.4;
				LD_RUNPATH_SEARCH_PATHS = (
					"$(inherited)",
					"@executable_path/Frameworks",
				);
				OTHER_LDFLAGS = (
					"$(inherited)",
					"-ObjC",
					"-lc++",
				);
				PRODUCT_BUNDLE_IDENTIFIER = com.sonhai32.UEH;
				PRODUCT_NAME = UEH;
				SWIFT_OPTIMIZATION_LEVEL = "-Onone";
				SWIFT_VERSION = 5.0;
				VERSIONING_SYSTEM = "apple-generic";
			};
			name = Debug;
		};
		13B07F951A680F5B00A75B9A /* Release */ = {
			isa = XCBuildConfiguration;
			baseConfigurationReference = 180E986D770439E2CEE3026A /* Pods-UEH.release.xcconfig */;
			buildSettings = {
				ASSETCATALOG_COMPILER_APPICON_NAME = AppIcon;
				CLANG_ENABLE_MODULES = YES;
				CODE_SIGN_IDENTITY = "Apple Development";
				CODE_SIGN_STYLE = Automatic;
				CURRENT_PROJECT_VERSION = 1;
				DEVELOPMENT_TEAM = V72RY6KG62;
				ENABLE_BITCODE = NO;
				EXCLUDED_ARCHS = "";
				"EXCLUDED_ARCHS[sdk=iphonesimulator*]" = arm64;
				INFOPLIST_FILE = UEH/Info.plist;
				IPHONEOS_DEPLOYMENT_TARGET = 14.4;
				LD_RUNPATH_SEARCH_PATHS = (
					"$(inherited)",
					"@executable_path/Frameworks",
				);
				ONLY_ACTIVE_ARCH = YES;
				OTHER_LDFLAGS = (
					"$(inherited)",
					"-ObjC",
					"-lc++",
				);
				PRODUCT_BUNDLE_IDENTIFIER = hailam.com.ueh;
				PRODUCT_NAME = UEH;
				PROVISIONING_PROFILE_SPECIFIER = "";
				SWIFT_VERSION = 5.0;
				VERSIONING_SYSTEM = "apple-generic";
			};
			name = Release;
		};
		83CBBA201A601CBA00E9B192 /* Debug */ = {
			isa = XCBuildConfiguration;
			buildSettings = {
				ALWAYS_SEARCH_USER_PATHS = NO;
				CLANG_ANALYZER_LOCALIZABILITY_NONLOCALIZED = YES;
				CLANG_CXX_LANGUAGE_STANDARD = "gnu++0x";
				CLANG_CXX_LIBRARY = "libc++";
				CLANG_ENABLE_MODULES = YES;
				CLANG_ENABLE_OBJC_ARC = YES;
				CLANG_WARN_BLOCK_CAPTURE_AUTORELEASING = YES;
				CLANG_WARN_BOOL_CONVERSION = YES;
				CLANG_WARN_COMMA = YES;
				CLANG_WARN_CONSTANT_CONVERSION = YES;
				CLANG_WARN_DEPRECATED_OBJC_IMPLEMENTATIONS = YES;
				CLANG_WARN_DIRECT_OBJC_ISA_USAGE = YES_ERROR;
				CLANG_WARN_EMPTY_BODY = YES;
				CLANG_WARN_ENUM_CONVERSION = YES;
				CLANG_WARN_INFINITE_RECURSION = YES;
				CLANG_WARN_INT_CONVERSION = YES;
				CLANG_WARN_NON_LITERAL_NULL_CONVERSION = YES;
				CLANG_WARN_OBJC_IMPLICIT_RETAIN_SELF = YES;
				CLANG_WARN_OBJC_LITERAL_CONVERSION = YES;
				CLANG_WARN_OBJC_ROOT_CLASS = YES_ERROR;
				CLANG_WARN_QUOTED_INCLUDE_IN_FRAMEWORK_HEADER = YES;
				CLANG_WARN_RANGE_LOOP_ANALYSIS = YES;
				CLANG_WARN_STRICT_PROTOTYPES = YES;
				CLANG_WARN_SUSPICIOUS_MOVE = YES;
				CLANG_WARN_UNREACHABLE_CODE = YES;
				CLANG_WARN__DUPLICATE_METHOD_MATCH = YES;
				"CODE_SIGN_IDENTITY[sdk=iphoneos*]" = "iPhone Developer";
				COPY_PHASE_STRIP = NO;
				ENABLE_STRICT_OBJC_MSGSEND = YES;
				ENABLE_TESTABILITY = YES;
				GCC_C_LANGUAGE_STANDARD = gnu99;
				GCC_DYNAMIC_NO_PIC = NO;
				GCC_NO_COMMON_BLOCKS = YES;
				GCC_OPTIMIZATION_LEVEL = 0;
				GCC_PREPROCESSOR_DEFINITIONS = (
					"DEBUG=1",
					"$(inherited)",
				);
				GCC_SYMBOLS_PRIVATE_EXTERN = NO;
				GCC_WARN_64_TO_32_BIT_CONVERSION = YES;
				GCC_WARN_ABOUT_RETURN_TYPE = YES_ERROR;
				GCC_WARN_UNDECLARED_SELECTOR = YES;
				GCC_WARN_UNINITIALIZED_AUTOS = YES_AGGRESSIVE;
				GCC_WARN_UNUSED_FUNCTION = YES;
				GCC_WARN_UNUSED_VARIABLE = YES;
				IPHONEOS_DEPLOYMENT_TARGET = 14.4;
				LD_RUNPATH_SEARCH_PATHS = (
					/usr/lib/swift,
					"$(inherited)",
				);
				LIBRARY_SEARCH_PATHS = (
					"\"$(TOOLCHAIN_DIR)/usr/lib/swift/$(PLATFORM_NAME)\"",
					"\"$(TOOLCHAIN_DIR)/usr/lib/swift-5.0/$(PLATFORM_NAME)\"",
					"\"$(inherited)\"",
				);
				MTL_ENABLE_DEBUG_INFO = YES;
				ONLY_ACTIVE_ARCH = YES;
				SDKROOT = iphoneos;
			};
			name = Debug;
		};
		83CBBA211A601CBA00E9B192 /* Release */ = {
			isa = XCBuildConfiguration;
			buildSettings = {
				ALWAYS_SEARCH_USER_PATHS = NO;
				CLANG_ANALYZER_LOCALIZABILITY_NONLOCALIZED = YES;
				CLANG_CXX_LANGUAGE_STANDARD = "gnu++0x";
				CLANG_CXX_LIBRARY = "libc++";
				CLANG_ENABLE_MODULES = YES;
				CLANG_ENABLE_OBJC_ARC = YES;
				CLANG_WARN_BLOCK_CAPTURE_AUTORELEASING = YES;
				CLANG_WARN_BOOL_CONVERSION = YES;
				CLANG_WARN_COMMA = YES;
				CLANG_WARN_CONSTANT_CONVERSION = YES;
				CLANG_WARN_DEPRECATED_OBJC_IMPLEMENTATIONS = YES;
				CLANG_WARN_DIRECT_OBJC_ISA_USAGE = YES_ERROR;
				CLANG_WARN_EMPTY_BODY = YES;
				CLANG_WARN_ENUM_CONVERSION = YES;
				CLANG_WARN_INFINITE_RECURSION = YES;
				CLANG_WARN_INT_CONVERSION = YES;
				CLANG_WARN_NON_LITERAL_NULL_CONVERSION = YES;
				CLANG_WARN_OBJC_IMPLICIT_RETAIN_SELF = YES;
				CLANG_WARN_OBJC_LITERAL_CONVERSION = YES;
				CLANG_WARN_OBJC_ROOT_CLASS = YES_ERROR;
				CLANG_WARN_QUOTED_INCLUDE_IN_FRAMEWORK_HEADER = YES;
				CLANG_WARN_RANGE_LOOP_ANALYSIS = YES;
				CLANG_WARN_STRICT_PROTOTYPES = YES;
				CLANG_WARN_SUSPICIOUS_MOVE = YES;
				CLANG_WARN_UNREACHABLE_CODE = YES;
				CLANG_WARN__DUPLICATE_METHOD_MATCH = YES;
				"CODE_SIGN_IDENTITY[sdk=iphoneos*]" = "iPhone Developer";
				COPY_PHASE_STRIP = YES;
				ENABLE_NS_ASSERTIONS = NO;
				ENABLE_STRICT_OBJC_MSGSEND = YES;
				ENABLE_TESTABILITY = YES;
				GCC_C_LANGUAGE_STANDARD = gnu99;
				GCC_NO_COMMON_BLOCKS = YES;
				GCC_WARN_64_TO_32_BIT_CONVERSION = YES;
				GCC_WARN_ABOUT_RETURN_TYPE = YES_ERROR;
				GCC_WARN_UNDECLARED_SELECTOR = YES;
				GCC_WARN_UNINITIALIZED_AUTOS = YES_AGGRESSIVE;
				GCC_WARN_UNUSED_FUNCTION = YES;
				GCC_WARN_UNUSED_VARIABLE = YES;
				IPHONEOS_DEPLOYMENT_TARGET = 14.4;
				LD_RUNPATH_SEARCH_PATHS = (
					/usr/lib/swift,
					"$(inherited)",
				);
				LIBRARY_SEARCH_PATHS = (
					"\"$(TOOLCHAIN_DIR)/usr/lib/swift/$(PLATFORM_NAME)\"",
					"\"$(TOOLCHAIN_DIR)/usr/lib/swift-5.0/$(PLATFORM_NAME)\"",
					"\"$(inherited)\"",
				);
				MTL_ENABLE_DEBUG_INFO = NO;
				ONLY_ACTIVE_ARCH = YES;
				SDKROOT = iphoneos;
				VALIDATE_PRODUCT = YES;
			};
			name = Release;
		};
/* End XCBuildConfiguration section */

/* Begin XCConfigurationList section */
		13B07F931A680F5B00A75B9A /* Build configuration list for PBXNativeTarget "UEH" */ = {
			isa = XCConfigurationList;
			buildConfigurations = (
				13B07F941A680F5B00A75B9A /* Debug */,
				13B07F951A680F5B00A75B9A /* Release */,
			);
			defaultConfigurationIsVisible = 0;
			defaultConfigurationName = Release;
		};
		83CBB9FA1A601CBA00E9B192 /* Build configuration list for PBXProject "UEH" */ = {
			isa = XCConfigurationList;
			buildConfigurations = (
				83CBBA201A601CBA00E9B192 /* Debug */,
				83CBBA211A601CBA00E9B192 /* Release */,
			);
			defaultConfigurationIsVisible = 0;
			defaultConfigurationName = Release;
		};
/* End XCConfigurationList section */
	};
	rootObject = 83CBB9F71A601CBA00E9B192 /* Project object */;
}
